{
  "name": "hx-ext-tpl",
  "version": "0.2.1",
  "lockfileVersion": 3,
  "requires": true,
  "packages": {
    "": {
      "name": "hx-ext-tpl",
      "version": "0.2.1",
      "license": "BSD 2-Clause",
      "dependencies": {
        "htmx.org": "^1.9.5"
      },
      "devDependencies": {
        "uglify-js": "^3.17.4"
      }
    },
    "node_modules/htmx.org": {
      "version": "1.9.5",
      "resolved": "https://registry.npmjs.org/htmx.org/-/htmx.org-1.9.5.tgz",
      "integrity": "sha512-YUMH1/zOe+75bZnSbtkqwK8wAoTJcgvwVA2W6CXoODBtsg2F9HJIPzM3vzosevrilpV6jLAR6nKapKypBs7v2A=="
    },
    "node_modules/uglify-js": {
      "version": "3.17.4",
      "resolved": "https://registry.npmjs.org/uglify-js/-/uglify-js-3.17.4.tgz",
      "integrity": "sha512-T9q82TJI9e/C1TAxYvfb16xO120tMVFZrGA3f9/P4424DNu6ypK103y0GPFVa17yotwSyZW5iYXgjYHkGrJW/g==",
      "dev": true,
      "bin": {
        "uglifyjs": "bin/uglifyjs"
      },
      "engines": {
        "node": ">=0.8.0"
      }
    }
  }
}
